# This file is autogenerated, do not edit; changes may be undone by the next 'dep ensure'.


[[projects]]
  digest = "1:753470f0f21d2482b86734111a485dc5eb03c0824e403a48303c87a1ce31affa"
  name = "github.com/Shopify/sarama"
  packages = ["."]
  pruneopts = ""
  revision = "f7be6aa2bc7b2e38edf816b08b582782194a1c02"
  version = "v1.16.0"

[[projects]]
  digest = "1:e55e331cc0851fe89ebeefe0484fbe433f141b2cd6118ab68bff8eed4d1d4c99"
  name = "github.com/apache/thrift"
  packages = ["lib/go/thrift"]
  pruneopts = ""
  revision = "327ebb6c2b6df8bf075da02ef45a2a034e9b79ba"
  version = "0.11.0"

[[projects]]
  digest = "1:56c130d885a4aacae1dd9c7b71cfe39912c7ebc1ff7d2b46083c8812996dc43b"
  name = "github.com/davecgh/go-spew"
  packages = ["spew"]
  pruneopts = ""
  revision = "346938d642f2ec3594ed81d874461961cd0faa76"
  version = "v1.1.0"

[[projects]]
  digest = "1:f714fa0ab4449a2fe13d156446ac1c1e16bc85334e9be320d42bf8bee362ba45"
  name = "github.com/eapache/go-resiliency"
  packages = ["breaker"]
  pruneopts = ""
  revision = "6800482f2c813e689c88b7ed3282262385011890"
  version = "v1.0.0"

[[projects]]
  branch = "master"
  digest = "1:1f7503fa58a852a1416556ae2ddb219b49a1304fd408391948e2e3676514c48d"
  name = "github.com/eapache/go-xerial-snappy"
  packages = ["."]
  pruneopts = ""
  revision = "bb955e01b9346ac19dc29eb16586c90ded99a98c"

[[projects]]
  digest = "1:d8d46d21073d0f65daf1740ebf4629c65e04bf92e14ce93c2201e8624843c3d3"
  name = "github.com/eapache/queue"
  packages = ["."]
  pruneopts = ""
  revision = "44cc805cf13205b55f69e14bcb69867d1ae92f98"
  version = "v1.1.0"

[[projects]]
  digest = "1:44ec1082ba97d89ce860abcc6ee3f0cf24e658d3efb8531b0f0a52f0781e4243"
  name = "github.com/go-kit/kit"
  packages = [
    "endpoint",
    "log",
    "transport/http",
  ]
  pruneopts = ""
  revision = "4dc7be5d2d12881735283bcab7352178e190fc71"
  version = "v0.6.0"

[[projects]]
  digest = "1:6a4a01d58b227c4b6b11111b9f172ec5c17682b82724e58e6daf3f19f4faccd8"
  name = "github.com/go-logfmt/logfmt"
  packages = ["."]
  pruneopts = ""
  revision = "390ab7935ee28ec6b286364bba9b4dd6410cb3d5"
  version = "v0.3.0"

[[projects]]
  digest = "1:9ca737b471693542351e112c9e86be9bf7385e42256893a09ecb2a98e2036f74"
  name = "github.com/go-stack/stack"
  packages = ["."]
  pruneopts = ""
  revision = "259ab82a6cad3992b4e21ff5cac294ccb06474bc"
  version = "v1.7.0"

[[projects]]
  digest = "1:0a3f6a0c68ab8f3d455f8892295503b179e571b7fefe47cc6c556405d1f83411"
  name = "github.com/gogo/protobuf"
  packages = ["proto"]
  pruneopts = ""
  revision = "1adfc126b41513cc696b209667c8656ea7aac67c"
  version = "v1.0.0"

[[projects]]
  branch = "master"
  digest = "1:09307dfb1aa3f49a2bf869dcfa4c6c06ecd3c207221bd1c1a1141f0e51f209eb"
  name = "github.com/golang/snappy"
  packages = ["."]
  pruneopts = ""
  revision = "553a641470496b2327abcac10b36396bd98e45c9"

[[projects]]
  branch = "master"
  digest = "1:1ed9eeebdf24aadfbca57eb50e6455bd1d2474525e0f0d4454de8c8e9bc7ee9a"
  name = "github.com/kr/logfmt"
  packages = ["."]
  pruneopts = ""
  revision = "b84e30acd515aadc4b783ad4ff83aff3299bdfe0"

[[projects]]
  branch = "master"
  digest = "1:2da0e5077ed40453dc281b9a2428d84cf6ad14063aed189f6296ca5dd25cf13d"
  name = "github.com/opentracing-contrib/go-observer"
  packages = ["."]
  pruneopts = ""
  revision = "a52f2342449246d5bcc273e65cbdcfa5f7d6c63c"

[[projects]]
  digest = "1:78fb99d6011c2ae6c72f3293a83951311147b12b06a5ffa43abf750c4fab6ac5"
  name = "github.com/opentracing/opentracing-go"
  packages = [
    ".",
    "ext",
    "log",
  ]
  pruneopts = ""
  revision = "1949ddbfd147afd4d964a9f00b24eb291e0e7c38"
  version = "v1.0.2"

[[projects]]
  digest = "1:43943fb53b1c2d69d7bfb4b6567869fecb1ff7d2d907181cd912c6eb00ada8d9"
  name = "github.com/openzipkin/zipkin-go-opentracing"
  packages = [
    ".",
    "flag",
    "thrift/gen-go/scribe",
    "thrift/gen-go/zipkincore",
    "types",
    "wire",
  ]
  pruneopts = ""
  revision = "45e90b00710a4c34a1a7d8a78d90f9b010b0bd4d"
  version = "v0.3.2"

[[projects]]
  digest = "1:52b8f1dc01c8a930900aa94e227b0c4c36e7102a5b124687ff1f88a221590234"
  name = "github.com/pierrec/lz4"
  packages = ["."]
  pruneopts = ""
  revision = "2fcda4cb7018ce05a25959d2fe08c83e3329f169"
  version = "v1.1"

[[projects]]
  digest = "1:ff95a6c61f34f32e57833783059c80274d84e9c74e6e315c3dc2e93e9bf3dab9"
  name = "github.com/pierrec/xxHash"
  packages = ["xxHash32"]
  pruneopts = ""
  revision = "f051bb7f1d1aaf1b5a665d74fb6b0217712c69f7"
  version = "v0.1.1"

[[projects]]
  digest = "1:7365acd48986e205ccb8652cc746f09c8b7876030d53710ea6ef7d0bd0dcd7ca"
  name = "github.com/pkg/errors"
  packages = ["."]
  pruneopts = ""
  revision = "645ef00459ed84a119197bfb8d8205042c6df63d"
  version = "v0.8.0"

[[projects]]
  digest = "1:256484dbbcd271f9ecebc6795b2df8cad4c458dd0f5fd82a8c2fa0c29f233411"
  name = "github.com/pmezard/go-difflib"
  packages = ["difflib"]
  pruneopts = ""
  revision = "792786c7400a136282c1664665ae0a8db921c6c2"
  version = "v1.0.0"

[[projects]]
  branch = "master"
  digest = "1:b735d1c7f79d73bbbec30d4874ef521e0f02b73f7394d5daa527747ac367df5c"
  name = "github.com/rcrowley/go-metrics"
  packages = ["."]
  pruneopts = ""
  revision = "8732c616f52954686704c8645fe1a9d59e9df7c1"

[[projects]]
  digest = "1:a30066593578732a356dc7e5d7f78d69184ca65aeeff5939241a3ab10559bb06"
  name = "github.com/stretchr/testify"
  packages = ["assert"]
  pruneopts = ""
  revision = "12b6f73e6084dad08a7c6e575284b177ecafbc71"
  version = "v1.2.1"

[[projects]]
  branch = "master"
  digest = "1:b6c2b04cb0d9f13f17753062d6cc38295513565bc7012deb14b9492d97a79084"
  name = "golang.org/x/net"
  packages = ["context"]
  pruneopts = ""
  revision = "f5dfe339be1d06f81b22525fe34671ee7d2c8904"

[solve-meta]
  analyzer-name = "dep"
  analyzer-version = 1
  input-imports = [
    "github.com/apache/thrift/lib/go/thrift",
    "github.com/go-kit/kit/endpoint",
    "github.com/go-kit/kit/transport/http",
    "github.com/opentracing/opentracing-go",
    "github.com/opentracing/opentracing-go/ext",
    "github.com/openzipkin/zipkin-go-opentracing",
    "github.com/pkg/errors",
    "github.com/stretchr/testify/assert",
  ]
  solver-name = "gps-cdcl"
  solver-version = 1
